
Microsoft Visual Studio Solution File, Format Version 12.00
# Visual Studio 15
VisualStudioVersion = 15.0.27130.2010
MinimumVisualStudioVersion = 10.0.40219.1
Project("{2150E333-8FDC-42A3-9474-1A3956D46DE8}") = "Engine", "Engine", "{9325AF3F-65CA-43B1-AEB9-8DDBDD6804D7}"
EndProject
Project("{2150E333-8FDC-42A3-9474-1A3956D46DE8}") = "Games", "Games", "{E6A9667E-7371-4372-98DF-7BAEAB5082B1}"
EndProject
Project("{8BC9CEB8-8B4A-11D0-8D11-00A0C91BC942}") = "UE4", "Intermediate\ProjectFiles\UE4.vcxproj", "{D9B2DE80-7F85-4627-97ED-235F9AF898D6}"
EndProject
Project("{8BC9CEB8-8B4A-11D0-8D11-00A0C91BC942}") = "StarWarsArena", "Intermediate\ProjectFiles\StarWarsArena.vcxproj", "{ADCC507D-7781-4260-B7A6-A3875AAC3290}"
EndProject
Global
	GlobalSection(SolutionConfigurationPlatforms) = preSolution
		DebugGame Editor|Win32 = DebugGame Editor|Win32
		DebugGame Editor|Win64 = DebugGame Editor|Win64
		DebugGame|Win32 = DebugGame|Win32
		DebugGame|Win64 = DebugGame|Win64
		Development Editor|Win32 = Development Editor|Win32
		Development Editor|Win64 = Development Editor|Win64
		Development|Win32 = Development|Win32
		Development|Win64 = Development|Win64
		Shipping|Win32 = Shipping|Win32
		Shipping|Win64 = Shipping|Win64
	EndGlobalSection
	GlobalSection(ProjectConfigurationPlatforms) = postSolution
		{D9B2DE80-7F85-4627-97ED-235F9AF898D6}.DebugGame Editor|Win32.ActiveCfg = BuiltWithUnrealBuildTool|Win32
		{D9B2DE80-7F85-4627-97ED-235F9AF898D6}.DebugGame Editor|Win32.Build.0 = BuiltWithUnrealBuildTool|Win32
		{D9B2DE80-7F85-4627-97ED-235F9AF898D6}.DebugGame Editor|Win64.ActiveCfg = BuiltWithUnrealBuildTool|Win32
		{D9B2DE80-7F85-4627-97ED-235F9AF898D6}.DebugGame Editor|Win64.Build.0 = BuiltWithUnrealBuildTool|Win32
		{D9B2DE80-7F85-4627-97ED-235F9AF898D6}.DebugGame|Win32.ActiveCfg = BuiltWithUnrealBuildTool|Win32
		{D9B2DE80-7F85-4627-97ED-235F9AF898D6}.DebugGame|Win32.Build.0 = BuiltWithUnrealBuildTool|Win32
		{D9B2DE80-7F85-4627-97ED-235F9AF898D6}.DebugGame|Win64.ActiveCfg = BuiltWithUnrealBuildTool|Win32
		{D9B2DE80-7F85-4627-97ED-235F9AF898D6}.DebugGame|Win64.Build.0 = BuiltWithUnrealBuildTool|Win32
		{D9B2DE80-7F85-4627-97ED-235F9AF898D6}.Development Editor|Win32.ActiveCfg = BuiltWithUnrealBuildTool|Win32
		{D9B2DE80-7F85-4627-97ED-235F9AF898D6}.Development Editor|Win32.Build.0 = BuiltWithUnrealBuildTool|Win32
		{D9B2DE80-7F85-4627-97ED-235F9AF898D6}.Development Editor|Win64.ActiveCfg = BuiltWithUnrealBuildTool|Win32
		{D9B2DE80-7F85-4627-97ED-235F9AF898D6}.Development Editor|Win64.Build.0 = BuiltWithUnrealBuildTool|Win32
		{D9B2DE80-7F85-4627-97ED-235F9AF898D6}.Development|Win32.ActiveCfg = BuiltWithUnrealBuildTool|Win32
		{D9B2DE80-7F85-4627-97ED-235F9AF898D6}.Development|Win32.Build.0 = BuiltWithUnrealBuildTool|Win32
		{D9B2DE80-7F85-4627-97ED-235F9AF898D6}.Development|Win64.ActiveCfg = BuiltWithUnrealBuildTool|Win32
		{D9B2DE80-7F85-4627-97ED-235F9AF898D6}.Development|Win64.Build.0 = BuiltWithUnrealBuildTool|Win32
		{D9B2DE80-7F85-4627-97ED-235F9AF898D6}.Shipping|Win32.ActiveCfg = BuiltWithUnrealBuildTool|Win32
		{D9B2DE80-7F85-4627-97ED-235F9AF898D6}.Shipping|Win32.Build.0 = BuiltWithUnrealBuildTool|Win32
		{D9B2DE80-7F85-4627-97ED-235F9AF898D6}.Shipping|Win64.ActiveCfg = BuiltWithUnrealBuildTool|Win32
		{D9B2DE80-7F85-4627-97ED-235F9AF898D6}.Shipping|Win64.Build.0 = BuiltWithUnrealBuildTool|Win32
		{ADCC507D-7781-4260-B7A6-A3875AAC3290}.DebugGame Editor|Win32.ActiveCfg = DebugGame_Editor|Win32
		{ADCC507D-7781-4260-B7A6-A3875AAC3290}.DebugGame Editor|Win64.ActiveCfg = DebugGame_Editor|x64
		{ADCC507D-7781-4260-B7A6-A3875AAC3290}.DebugGame Editor|Win64.Build.0 = DebugGame_Editor|x64
		{ADCC507D-7781-4260-B7A6-A3875AAC3290}.DebugGame|Win32.ActiveCfg = DebugGame_Game|Win32
		{ADCC507D-7781-4260-B7A6-A3875AAC3290}.DebugGame|Win32.Build.0 = DebugGame_Game|Win32
		{ADCC507D-7781-4260-B7A6-A3875AAC3290}.DebugGame|Win64.ActiveCfg = DebugGame_Game|x64
		{ADCC507D-7781-4260-B7A6-A3875AAC3290}.DebugGame|Win64.Build.0 = DebugGame_Game|x64
		{ADCC507D-7781-4260-B7A6-A3875AAC3290}.Development Editor|Win32.ActiveCfg = Development_Editor|Win32
		{ADCC507D-7781-4260-B7A6-A3875AAC3290}.Development Editor|Win64.ActiveCfg = Development_Editor|x64
		{ADCC507D-7781-4260-B7A6-A3875AAC3290}.Development Editor|Win64.Build.0 = Development_Editor|x64
		{ADCC507D-7781-4260-B7A6-A3875AAC3290}.Development|Win32.ActiveCfg = Development_Game|Win32
		{ADCC507D-7781-4260-B7A6-A3875AAC3290}.Development|Win32.Build.0 = Development_Game|Win32
		{ADCC507D-7781-4260-B7A6-A3875AAC3290}.Development|Win64.ActiveCfg = Development_Game|x64
		{ADCC507D-7781-4260-B7A6-A3875AAC3290}.Development|Win64.Build.0 = Development_Game|x64
		{ADCC507D-7781-4260-B7A6-A3875AAC3290}.Shipping|Win32.ActiveCfg = Shipping_Game|Win32
		{ADCC507D-7781-4260-B7A6-A3875AAC3290}.Shipping|Win32.Build.0 = Shipping_Game|Win32
		{ADCC507D-7781-4260-B7A6-A3875AAC3290}.Shipping|Win64.ActiveCfg = Shipping_Game|x64
		{ADCC507D-7781-4260-B7A6-A3875AAC3290}.Shipping|Win64.Build.0 = Shipping_Game|x64
	EndGlobalSection
	GlobalSection(SolutionProperties) = preSolution
		HideSolutionNode = FALSE
	EndGlobalSection
	GlobalSection(NestedProjects) = preSolution
		{D9B2DE80-7F85-4627-97ED-235F9AF898D6} = {9325AF3F-65CA-43B1-AEB9-8DDBDD6804D7}
		{ADCC507D-7781-4260-B7A6-A3875AAC3290} = {E6A9667E-7371-4372-98DF-7BAEAB5082B1}
	EndGlobalSection
	GlobalSection(ExtensibilityGlobals) = postSolution
		SolutionGuid = {5C4A6720-2FF3-4357-93D7-3B1321D1C10F}
	EndGlobalSection
EndGlobal
